
Microsoft Visual Studio Solution File, Format Version 12.00
# Visual Studio 15
VisualStudioVersion = 15.0.28010.2003
MinimumVisualStudioVersion = 10.0.40219.1
Project("{8BC9CEB8-8B4A-11D0-8D11-00A0C91BC942}") = "SelfHackingApp", "SelfHackingApp\SelfHackingApp.vcxproj", "{4D63A5FC-1BFB-4AA4-8A48-00223BC2C822}"
EndProject
Project("{8BC9CEB8-8B4A-11D0-8D11-00A0C91BC942}") = "udcli", "udis86\BuildVS2010\udcli.vcxproj", "{620E885C-DA4A-4296-AFEB-AFB0077EFA14}"
EndProject
Project("{8BC9CEB8-8B4A-11D0-8D11-00A0C91BC942}") = "fasm", "Fasm\Fasm.vcxproj", "{08FBD6FC-AEBC-48E2-AD8D-B5E301522E2D}"
EndProject
Project("{8BC9CEB8-8B4A-11D0-8D11-00A0C91BC942}") = "libudis86", "Udis86\libudis86.vcxproj", "{D5C34A21-7218-4A08-9578-1EBB35280A42}"
EndProject
Global
	GlobalSection(SolutionConfigurationPlatforms) = preSolution
		Debug|Any CPU = Debug|Any CPU
		Debug|Mixed Platforms = Debug|Mixed Platforms
		Debug|Win32 = Debug|Win32
		Debug|x64 = Debug|x64
		Debug|x86 = Debug|x86
		Debug-DLL|Any CPU = Debug-DLL|Any CPU
		Debug-DLL|Mixed Platforms = Debug-DLL|Mixed Platforms
		Debug-DLL|Win32 = Debug-DLL|Win32
		Debug-DLL|x64 = Debug-DLL|x64
		Debug-DLL|x86 = Debug-DLL|x86
		Release|Any CPU = Release|Any CPU
		Release|Mixed Platforms = Release|Mixed Platforms
		Release|Win32 = Release|Win32
		Release|x64 = Release|x64
		Release|x86 = Release|x86
		Release-DLL|Any CPU = Release-DLL|Any CPU
		Release-DLL|Mixed Platforms = Release-DLL|Mixed Platforms
		Release-DLL|Win32 = Release-DLL|Win32
		Release-DLL|x64 = Release-DLL|x64
		Release-DLL|x86 = Release-DLL|x86
	EndGlobalSection
	GlobalSection(ProjectConfigurationPlatforms) = postSolution
		{4D63A5FC-1BFB-4AA4-8A48-00223BC2C822}.Debug|Any CPU.ActiveCfg = Debug|Win32
		{4D63A5FC-1BFB-4AA4-8A48-00223BC2C822}.Debug|Mixed Platforms.ActiveCfg = Debug|Win32
		{4D63A5FC-1BFB-4AA4-8A48-00223BC2C822}.Debug|Mixed Platforms.Build.0 = Debug|Win32
		{4D63A5FC-1BFB-4AA4-8A48-00223BC2C822}.Debug|Win32.ActiveCfg = Debug|Win32
		{4D63A5FC-1BFB-4AA4-8A48-00223BC2C822}.Debug|Win32.Build.0 = Debug|Win32
		{4D63A5FC-1BFB-4AA4-8A48-00223BC2C822}.Debug|x64.ActiveCfg = Debug|x64
		{4D63A5FC-1BFB-4AA4-8A48-00223BC2C822}.Debug|x64.Build.0 = Debug|x64
		{4D63A5FC-1BFB-4AA4-8A48-00223BC2C822}.Debug|x86.ActiveCfg = Debug|Win32
		{4D63A5FC-1BFB-4AA4-8A48-00223BC2C822}.Debug|x86.Build.0 = Debug|Win32
		{4D63A5FC-1BFB-4AA4-8A48-00223BC2C822}.Debug-DLL|Any CPU.ActiveCfg = Release|x64
		{4D63A5FC-1BFB-4AA4-8A48-00223BC2C822}.Debug-DLL|Any CPU.Build.0 = Release|x64
		{4D63A5FC-1BFB-4AA4-8A48-00223BC2C822}.Debug-DLL|Mixed Platforms.ActiveCfg = Debug|Win32
		{4D63A5FC-1BFB-4AA4-8A48-00223BC2C822}.Debug-DLL|Mixed Platforms.Build.0 = Debug|Win32
		{4D63A5FC-1BFB-4AA4-8A48-00223BC2C822}.Debug-DLL|Win32.ActiveCfg = Debug|Win32
		{4D63A5FC-1BFB-4AA4-8A48-00223BC2C822}.Debug-DLL|Win32.Build.0 = Debug|Win32
		{4D63A5FC-1BFB-4AA4-8A48-00223BC2C822}.Debug-DLL|x64.ActiveCfg = Debug|x64
		{4D63A5FC-1BFB-4AA4-8A48-00223BC2C822}.Debug-DLL|x64.Build.0 = Debug|x64
		{4D63A5FC-1BFB-4AA4-8A48-00223BC2C822}.Debug-DLL|x86.ActiveCfg = Debug|Win32
		{4D63A5FC-1BFB-4AA4-8A48-00223BC2C822}.Debug-DLL|x86.Build.0 = Debug|Win32
		{4D63A5FC-1BFB-4AA4-8A48-00223BC2C822}.Release|Any CPU.ActiveCfg = Release|Win32
		{4D63A5FC-1BFB-4AA4-8A48-00223BC2C822}.Release|Mixed Platforms.ActiveCfg = Release|Win32
		{4D63A5FC-1BFB-4AA4-8A48-00223BC2C822}.Release|Mixed Platforms.Build.0 = Release|Win32
		{4D63A5FC-1BFB-4AA4-8A48-00223BC2C822}.Release|Win32.ActiveCfg = Release|Win32
		{4D63A5FC-1BFB-4AA4-8A48-00223BC2C822}.Release|Win32.Build.0 = Release|Win32
		{4D63A5FC-1BFB-4AA4-8A48-00223BC2C822}.Release|x64.ActiveCfg = Release|x64
		{4D63A5FC-1BFB-4AA4-8A48-00223BC2C822}.Release|x64.Build.0 = Release|x64
		{4D63A5FC-1BFB-4AA4-8A48-00223BC2C822}.Release|x86.ActiveCfg = Release|Win32
		{4D63A5FC-1BFB-4AA4-8A48-00223BC2C822}.Release|x86.Build.0 = Release|Win32
		{4D63A5FC-1BFB-4AA4-8A48-00223BC2C822}.Release-DLL|Any CPU.ActiveCfg = Release|x64
		{4D63A5FC-1BFB-4AA4-8A48-00223BC2C822}.Release-DLL|Any CPU.Build.0 = Release|x64
		{4D63A5FC-1BFB-4AA4-8A48-00223BC2C822}.Release-DLL|Mixed Platforms.ActiveCfg = Release|Win32
		{4D63A5FC-1BFB-4AA4-8A48-00223BC2C822}.Release-DLL|Mixed Platforms.Build.0 = Release|Win32
		{4D63A5FC-1BFB-4AA4-8A48-00223BC2C822}.Release-DLL|Win32.ActiveCfg = Release|Win32
		{4D63A5FC-1BFB-4AA4-8A48-00223BC2C822}.Release-DLL|Win32.Build.0 = Release|Win32
		{4D63A5FC-1BFB-4AA4-8A48-00223BC2C822}.Release-DLL|x64.ActiveCfg = Release|x64
		{4D63A5FC-1BFB-4AA4-8A48-00223BC2C822}.Release-DLL|x64.Build.0 = Release|x64
		{4D63A5FC-1BFB-4AA4-8A48-00223BC2C822}.Release-DLL|x86.ActiveCfg = Release|Win32
		{4D63A5FC-1BFB-4AA4-8A48-00223BC2C822}.Release-DLL|x86.Build.0 = Release|Win32
		{620E885C-DA4A-4296-AFEB-AFB0077EFA14}.Debug|Any CPU.ActiveCfg = Debug|Win32
		{620E885C-DA4A-4296-AFEB-AFB0077EFA14}.Debug|Mixed Platforms.ActiveCfg = Debug|Win32
		{620E885C-DA4A-4296-AFEB-AFB0077EFA14}.Debug|Mixed Platforms.Build.0 = Debug|Win32
		{620E885C-DA4A-4296-AFEB-AFB0077EFA14}.Debug|Win32.ActiveCfg = Debug|Win32
		{620E885C-DA4A-4296-AFEB-AFB0077EFA14}.Debug|Win32.Build.0 = Debug|Win32
		{620E885C-DA4A-4296-AFEB-AFB0077EFA14}.Debug|x64.ActiveCfg = Debug|x64
		{620E885C-DA4A-4296-AFEB-AFB0077EFA14}.Debug|x64.Build.0 = Debug|x64
		{620E885C-DA4A-4296-AFEB-AFB0077EFA14}.Debug|x86.ActiveCfg = Debug|Win32
		{620E885C-DA4A-4296-AFEB-AFB0077EFA14}.Debug|x86.Build.0 = Debug|Win32
		{620E885C-DA4A-4296-AFEB-AFB0077EFA14}.Debug-DLL|Any CPU.ActiveCfg = Debug-DLL|Win32
		{620E885C-DA4A-4296-AFEB-AFB0077EFA14}.Debug-DLL|Mixed Platforms.ActiveCfg = Debug-DLL|Win32
		{620E885C-DA4A-4296-AFEB-AFB0077EFA14}.Debug-DLL|Mixed Platforms.Build.0 = Debug-DLL|Win32
		{620E885C-DA4A-4296-AFEB-AFB0077EFA14}.Debug-DLL|Win32.ActiveCfg = Debug-DLL|Win32
		{620E885C-DA4A-4296-AFEB-AFB0077EFA14}.Debug-DLL|x64.ActiveCfg = Debug-DLL|x64
		{620E885C-DA4A-4296-AFEB-AFB0077EFA14}.Debug-DLL|x86.ActiveCfg = Debug-DLL|Win32
		{620E885C-DA4A-4296-AFEB-AFB0077EFA14}.Debug-DLL|x86.Build.0 = Debug-DLL|Win32
		{620E885C-DA4A-4296-AFEB-AFB0077EFA14}.Release|Any CPU.ActiveCfg = Release|Win32
		{620E885C-DA4A-4296-AFEB-AFB0077EFA14}.Release|Mixed Platforms.ActiveCfg = Release|Win32
		{620E885C-DA4A-4296-AFEB-AFB0077EFA14}.Release|Mixed Platforms.Build.0 = Release|Win32
		{620E885C-DA4A-4296-AFEB-AFB0077EFA14}.Release|Win32.ActiveCfg = Release|Win32
		{620E885C-DA4A-4296-AFEB-AFB0077EFA14}.Release|Win32.Build.0 = Release|Win32
		{620E885C-DA4A-4296-AFEB-AFB0077EFA14}.Release|x64.ActiveCfg = Release|x64
		{620E885C-DA4A-4296-AFEB-AFB0077EFA14}.Release|x64.Build.0 = Release|x64
		{620E885C-DA4A-4296-AFEB-AFB0077EFA14}.Release|x86.ActiveCfg = Release|Win32
		{620E885C-DA4A-4296-AFEB-AFB0077EFA14}.Release|x86.Build.0 = Release|Win32
		{620E885C-DA4A-4296-AFEB-AFB0077EFA14}.Release-DLL|Any CPU.ActiveCfg = Release-DLL|Win32
		{620E885C-DA4A-4296-AFEB-AFB0077EFA14}.Release-DLL|Mixed Platforms.ActiveCfg = Release-DLL|Win32
		{620E885C-DA4A-4296-AFEB-AFB0077EFA14}.Release-DLL|Mixed Platforms.Build.0 = Release-DLL|Win32
		{620E885C-DA4A-4296-AFEB-AFB0077EFA14}.Release-DLL|Win32.ActiveCfg = Release-DLL|Win32
		{620E885C-DA4A-4296-AFEB-AFB0077EFA14}.Release-DLL|x64.ActiveCfg = Release-DLL|x64
		{620E885C-DA4A-4296-AFEB-AFB0077EFA14}.Release-DLL|x86.ActiveCfg = Release-DLL|Win32
		{620E885C-DA4A-4296-AFEB-AFB0077EFA14}.Release-DLL|x86.Build.0 = Release-DLL|Win32
		{08FBD6FC-AEBC-48E2-AD8D-B5E301522E2D}.Debug|Any CPU.ActiveCfg = Debug|Win32
		{08FBD6FC-AEBC-48E2-AD8D-B5E301522E2D}.Debug|Mixed Platforms.ActiveCfg = Debug|Win32
		{08FBD6FC-AEBC-48E2-AD8D-B5E301522E2D}.Debug|Mixed Platforms.Build.0 = Debug|Win32
		{08FBD6FC-AEBC-48E2-AD8D-B5E301522E2D}.Debug|Win32.ActiveCfg = Debug|Win32
		{08FBD6FC-AEBC-48E2-AD8D-B5E301522E2D}.Debug|Win32.Build.0 = Debug|Win32
		{08FBD6FC-AEBC-48E2-AD8D-B5E301522E2D}.Debug|x64.ActiveCfg = Debug|Win32
		{08FBD6FC-AEBC-48E2-AD8D-B5E301522E2D}.Debug|x86.ActiveCfg = Debug|Win32
		{08FBD6FC-AEBC-48E2-AD8D-B5E301522E2D}.Debug|x86.Build.0 = Debug|Win32
		{08FBD6FC-AEBC-48E2-AD8D-B5E301522E2D}.Debug-DLL|Any CPU.ActiveCfg = Release|Win32
		{08FBD6FC-AEBC-48E2-AD8D-B5E301522E2D}.Debug-DLL|Any CPU.Build.0 = Release|Win32
		{08FBD6FC-AEBC-48E2-AD8D-B5E301522E2D}.Debug-DLL|Mixed Platforms.ActiveCfg = Debug|Win32
		{08FBD6FC-AEBC-48E2-AD8D-B5E301522E2D}.Debug-DLL|Mixed Platforms.Build.0 = Debug|Win32
		{08FBD6FC-AEBC-48E2-AD8D-B5E301522E2D}.Debug-DLL|Win32.ActiveCfg = Debug|Win32
		{08FBD6FC-AEBC-48E2-AD8D-B5E301522E2D}.Debug-DLL|Win32.Build.0 = Debug|Win32
		{08FBD6FC-AEBC-48E2-AD8D-B5E301522E2D}.Debug-DLL|x64.ActiveCfg = Release|Win32
		{08FBD6FC-AEBC-48E2-AD8D-B5E301522E2D}.Debug-DLL|x64.Build.0 = Release|Win32
		{08FBD6FC-AEBC-48E2-AD8D-B5E301522E2D}.Debug-DLL|x86.ActiveCfg = Debug|Win32
		{08FBD6FC-AEBC-48E2-AD8D-B5E301522E2D}.Debug-DLL|x86.Build.0 = Debug|Win32
		{08FBD6FC-AEBC-48E2-AD8D-B5E301522E2D}.Release|Any CPU.ActiveCfg = Release|Win32
		{08FBD6FC-AEBC-48E2-AD8D-B5E301522E2D}.Release|Mixed Platforms.ActiveCfg = Release|Win32
		{08FBD6FC-AEBC-48E2-AD8D-B5E301522E2D}.Release|Mixed Platforms.Build.0 = Release|Win32
		{08FBD6FC-AEBC-48E2-AD8D-B5E301522E2D}.Release|Win32.ActiveCfg = Release|Win32
		{08FBD6FC-AEBC-48E2-AD8D-B5E301522E2D}.Release|Win32.Build.0 = Release|Win32
		{08FBD6FC-AEBC-48E2-AD8D-B5E301522E2D}.Release|x64.ActiveCfg = Release|Win32
		{08FBD6FC-AEBC-48E2-AD8D-B5E301522E2D}.Release|x86.ActiveCfg = Release|Win32
		{08FBD6FC-AEBC-48E2-AD8D-B5E301522E2D}.Release|x86.Build.0 = Release|Win32
		{08FBD6FC-AEBC-48E2-AD8D-B5E301522E2D}.Release-DLL|Any CPU.ActiveCfg = Release|Win32
		{08FBD6FC-AEBC-48E2-AD8D-B5E301522E2D}.Release-DLL|Any CPU.Build.0 = Release|Win32
		{08FBD6FC-AEBC-48E2-AD8D-B5E301522E2D}.Release-DLL|Mixed Platforms.ActiveCfg = Release|Win32
		{08FBD6FC-AEBC-48E2-AD8D-B5E301522E2D}.Release-DLL|Mixed Platforms.Build.0 = Release|Win32
		{08FBD6FC-AEBC-48E2-AD8D-B5E301522E2D}.Release-DLL|Win32.ActiveCfg = Release|Win32
		{08FBD6FC-AEBC-48E2-AD8D-B5E301522E2D}.Release-DLL|Win32.Build.0 = Release|Win32
		{08FBD6FC-AEBC-48E2-AD8D-B5E301522E2D}.Release-DLL|x64.ActiveCfg = Release|Win32
		{08FBD6FC-AEBC-48E2-AD8D-B5E301522E2D}.Release-DLL|x64.Build.0 = Release|Win32
		{08FBD6FC-AEBC-48E2-AD8D-B5E301522E2D}.Release-DLL|x86.ActiveCfg = Release|Win32
		{08FBD6FC-AEBC-48E2-AD8D-B5E301522E2D}.Release-DLL|x86.Build.0 = Release|Win32
		{D5C34A21-7218-4A08-9578-1EBB35280A42}.Debug|Any CPU.ActiveCfg = Debug|Win32
		{D5C34A21-7218-4A08-9578-1EBB35280A42}.Debug|Mixed Platforms.ActiveCfg = Debug|Win32
		{D5C34A21-7218-4A08-9578-1EBB35280A42}.Debug|Mixed Platforms.Build.0 = Debug|Win32
		{D5C34A21-7218-4A08-9578-1EBB35280A42}.Debug|Win32.ActiveCfg = Debug|Win32
		{D5C34A21-7218-4A08-9578-1EBB35280A42}.Debug|Win32.Build.0 = Debug|Win32
		{D5C34A21-7218-4A08-9578-1EBB35280A42}.Debug|x64.ActiveCfg = Debug|Win32
		{D5C34A21-7218-4A08-9578-1EBB35280A42}.Debug|x86.ActiveCfg = Debug|Win32
		{D5C34A21-7218-4A08-9578-1EBB35280A42}.Debug|x86.Build.0 = Debug|Win32
		{D5C34A21-7218-4A08-9578-1EBB35280A42}.Debug-DLL|Any CPU.ActiveCfg = Release|Win32
		{D5C34A21-7218-4A08-9578-1EBB35280A42}.Debug-DLL|Any CPU.Build.0 = Release|Win32
		{D5C34A21-7218-4A08-9578-1EBB35280A42}.Debug-DLL|Mixed Platforms.ActiveCfg = Debug|Win32
		{D5C34A21-7218-4A08-9578-1EBB35280A42}.Debug-DLL|Mixed Platforms.Build.0 = Debug|Win32
		{D5C34A21-7218-4A08-9578-1EBB35280A42}.Debug-DLL|Win32.ActiveCfg = Debug|Win32
		{D5C34A21-7218-4A08-9578-1EBB35280A42}.Debug-DLL|Win32.Build.0 = Debug|Win32
		{D5C34A21-7218-4A08-9578-1EBB35280A42}.Debug-DLL|x64.ActiveCfg = Release|Win32
		{D5C34A21-7218-4A08-9578-1EBB35280A42}.Debug-DLL|x64.Build.0 = Release|Win32
		{D5C34A21-7218-4A08-9578-1EBB35280A42}.Debug-DLL|x86.ActiveCfg = Debug|Win32
		{D5C34A21-7218-4A08-9578-1EBB35280A42}.Debug-DLL|x86.Build.0 = Debug|Win32
		{D5C34A21-7218-4A08-9578-1EBB35280A42}.Release|Any CPU.ActiveCfg = Release|Win32
		{D5C34A21-7218-4A08-9578-1EBB35280A42}.Release|Mixed Platforms.ActiveCfg = Release|Win32
		{D5C34A21-7218-4A08-9578-1EBB35280A42}.Release|Mixed Platforms.Build.0 = Release|Win32
		{D5C34A21-7218-4A08-9578-1EBB35280A42}.Release|Win32.ActiveCfg = Release|Win32
		{D5C34A21-7218-4A08-9578-1EBB35280A42}.Release|Win32.Build.0 = Release|Win32
		{D5C34A21-7218-4A08-9578-1EBB35280A42}.Release|x64.ActiveCfg = Release|Win32
		{D5C34A21-7218-4A08-9578-1EBB35280A42}.Release|x86.ActiveCfg = Release|Win32
		{D5C34A21-7218-4A08-9578-1EBB35280A42}.Release|x86.Build.0 = Release|Win32
		{D5C34A21-7218-4A08-9578-1EBB35280A42}.Release-DLL|Any CPU.ActiveCfg = Release|Win32
		{D5C34A21-7218-4A08-9578-1EBB35280A42}.Release-DLL|Any CPU.Build.0 = Release|Win32
		{D5C34A21-7218-4A08-9578-1EBB35280A42}.Release-DLL|Mixed Platforms.ActiveCfg = Release|Win32
		{D5C34A21-7218-4A08-9578-1EBB35280A42}.Release-DLL|Mixed Platforms.Build.0 = Release|Win32
		{D5C34A21-7218-4A08-9578-1EBB35280A42}.Release-DLL|Win32.ActiveCfg = Release|Win32
		{D5C34A21-7218-4A08-9578-1EBB35280A42}.Release-DLL|Win32.Build.0 = Release|Win32
		{D5C34A21-7218-4A08-9578-1EBB35280A42}.Release-DLL|x64.ActiveCfg = Release|Win32
		{D5C34A21-7218-4A08-9578-1EBB35280A42}.Release-DLL|x64.Build.0 = Release|Win32
		{D5C34A21-7218-4A08-9578-1EBB35280A42}.Release-DLL|x86.ActiveCfg = Release|Win32
		{D5C34A21-7218-4A08-9578-1EBB35280A42}.Release-DLL|x86.Build.0 = Release|Win32
	EndGlobalSection
	GlobalSection(SolutionProperties) = preSolution
		HideSolutionNode = FALSE
	EndGlobalSection
	GlobalSection(ExtensibilityGlobals) = postSolution
		SolutionGuid = {35A231B7-B8D3-48E3-A17A-264304ECB04E}
	EndGlobalSection
EndGlobal
